
Microsoft Visual Studio Solution File, Format Version 12.00
# Visual Studio Version 16
VisualStudioVersion = 16.0.32126.315
MinimumVisualStudioVersion = 10.0.40219.1
Project("{FAE04EC0-301F-11D3-BF4B-00C04F79EFBC}") = "Examen-Unidad 6", "Examen-Unidad 6.csproj", "{D7AC8F77-EE50-4D93-9C8B-DCA85940517F}"
EndProject
Global
	GlobalSection(SolutionConfigurationPlatforms) = preSolution
		Debug|Any CPU = Debug|Any CPU
		Release|Any CPU = Release|Any CPU
	EndGlobalSection
	GlobalSection(ProjectConfigurationPlatforms) = postSolution
		{D7AC8F77-EE50-4D93-9C8B-DCA85940517F}.Debug|Any CPU.ActiveCfg = Debug|Any CPU
		{D7AC8F77-EE50-4D93-9C8B-DCA85940517F}.Debug|Any CPU.Build.0 = Debug|Any CPU
		{D7AC8F77-EE50-4D93-9C8B-DCA85940517F}.Release|Any CPU.ActiveCfg = Release|Any CPU
		{D7AC8F77-EE50-4D93-9C8B-DCA85940517F}.Release|Any CPU.Build.0 = Release|Any CPU
	EndGlobalSection
	GlobalSection(SolutionProperties) = preSolution
		HideSolutionNode = FALSE
	EndGlobalSection
	GlobalSection(ExtensibilityGlobals) = postSolution
		SolutionGuid = {05E37F56-B3DE-45BF-9507-5BA711D76317}
	EndGlobalSection
EndGlobal
